
Microsoft Visual Studio Solution File, Format Version 12.00
# Visual Studio 15
VisualStudioVersion = 15.0.26430.13
MinimumVisualStudioVersion = 10.0.40219.1
Project("{FAE04EC0-301F-11D3-BF4B-00C04F79EFBC}") = "Customers", "Customers\Customers.csproj", "{86C60BB0-5A6A-4E72-BEF3-1039086F8A3A}"
EndProject
Project("{FAE04EC0-301F-11D3-BF4B-00C04F79EFBC}") = "Orders", "Orders\Orders.csproj", "{C62899A0-BEE1-4981-86ED-ACCF7BA2AB32}"
EndProject
Project("{9A19103F-16F7-4668-BE54-9A1E7A4F7556}") = "API_Gateway", "API_Gateway\API_Gateway.csproj", "{C35B77F1-CCB9-419A-9410-70307DC36FE7}"
EndProject
Project("{FAE04EC0-301F-11D3-BF4B-00C04F79EFBC}") = "OrdersDtoTypes", "OrdersDtoTypes\OrdersDtoTypes.csproj", "{E34AD76D-A705-4832-8665-24B9DA4F369F}"
EndProject
Project("{9A19103F-16F7-4668-BE54-9A1E7A4F7556}") = "CustomersDtoTypes", "CustomerDtoTypes\CustomersDtoTypes.csproj", "{33EDA603-6BD9-4F13-A5D7-40599BC25D80}"
EndProject
Global
	GlobalSection(SolutionConfigurationPlatforms) = preSolution
		Debug|Any CPU = Debug|Any CPU
		Release|Any CPU = Release|Any CPU
	EndGlobalSection
	GlobalSection(ProjectConfigurationPlatforms) = postSolution
		{86C60BB0-5A6A-4E72-BEF3-1039086F8A3A}.Debug|Any CPU.ActiveCfg = Debug|Any CPU
		{86C60BB0-5A6A-4E72-BEF3-1039086F8A3A}.Debug|Any CPU.Build.0 = Debug|Any CPU
		{86C60BB0-5A6A-4E72-BEF3-1039086F8A3A}.Release|Any CPU.ActiveCfg = Release|Any CPU
		{86C60BB0-5A6A-4E72-BEF3-1039086F8A3A}.Release|Any CPU.Build.0 = Release|Any CPU
		{C62899A0-BEE1-4981-86ED-ACCF7BA2AB32}.Debug|Any CPU.ActiveCfg = Debug|Any CPU
		{C62899A0-BEE1-4981-86ED-ACCF7BA2AB32}.Debug|Any CPU.Build.0 = Debug|Any CPU
		{C62899A0-BEE1-4981-86ED-ACCF7BA2AB32}.Release|Any CPU.ActiveCfg = Release|Any CPU
		{C62899A0-BEE1-4981-86ED-ACCF7BA2AB32}.Release|Any CPU.Build.0 = Release|Any CPU
		{C35B77F1-CCB9-419A-9410-70307DC36FE7}.Debug|Any CPU.ActiveCfg = Debug|Any CPU
		{C35B77F1-CCB9-419A-9410-70307DC36FE7}.Debug|Any CPU.Build.0 = Debug|Any CPU
		{C35B77F1-CCB9-419A-9410-70307DC36FE7}.Release|Any CPU.ActiveCfg = Release|Any CPU
		{C35B77F1-CCB9-419A-9410-70307DC36FE7}.Release|Any CPU.Build.0 = Release|Any CPU
		{E34AD76D-A705-4832-8665-24B9DA4F369F}.Debug|Any CPU.ActiveCfg = Debug|Any CPU
		{E34AD76D-A705-4832-8665-24B9DA4F369F}.Debug|Any CPU.Build.0 = Debug|Any CPU
		{E34AD76D-A705-4832-8665-24B9DA4F369F}.Release|Any CPU.ActiveCfg = Release|Any CPU
		{E34AD76D-A705-4832-8665-24B9DA4F369F}.Release|Any CPU.Build.0 = Release|Any CPU
		{33EDA603-6BD9-4F13-A5D7-40599BC25D80}.Debug|Any CPU.ActiveCfg = Debug|Any CPU
		{33EDA603-6BD9-4F13-A5D7-40599BC25D80}.Debug|Any CPU.Build.0 = Debug|Any CPU
		{33EDA603-6BD9-4F13-A5D7-40599BC25D80}.Release|Any CPU.ActiveCfg = Release|Any CPU
		{33EDA603-6BD9-4F13-A5D7-40599BC25D80}.Release|Any CPU.Build.0 = Release|Any CPU
	EndGlobalSection
	GlobalSection(SolutionProperties) = preSolution
		HideSolutionNode = FALSE
	EndGlobalSection
EndGlobal
